{
  "name": "goclassifieds",
  "requires": true,
  "lockfileVersion": 1,
  "dependencies": {
    "@bazel/bazelisk": {
      "version": "1.9.0",
      "resolved": "https://registry.npmjs.org/@bazel/bazelisk/-/bazelisk-1.9.0.tgz",
      "integrity": "sha512-IHCKlMBHd7VMt3Za7rpTJA8O1WI8TUes5nDjdYv1MM/4OZQQFbM85Zb8ugQaKvy3CzxLpXgxYZUiq7b2TdhQnw==",
      "dev": true
    },
    "@bazel/esbuild": {
      "version": "3.6.0",
      "resolved": "https://registry.npmjs.org/@bazel/esbuild/-/esbuild-3.6.0.tgz",
      "integrity": "sha512-JPhH7KNuRgo7UsvF72zNiS6Qy4id9H53YHJ6kH73WTOMB+VmtkfooprxlARBICnWEw55VQzQaDT8F66/qQxAOw==",
      "dev": true
    },
    "@bazel/ibazel": {
      "version": "0.15.10",
      "resolved": "https://registry.npmjs.org/@bazel/ibazel/-/ibazel-0.15.10.tgz",
      "integrity": "sha512-0v+OwCQ6fsGFa50r6MXWbUkSGuWOoZ22K4pMSdtWiL5LKFIE4kfmMmtQS+M7/ICNwk2EIYob+NRreyi/DGUz5A==",
      "dev": true
    },
    "ansi-styles": {
      "version": "1.0.0",
      "resolved": "https://registry.npmjs.org/ansi-styles/-/ansi-styles-1.0.0.tgz",
      "integrity": "sha1-yxAt8cVvUSPquLZ817mAJ6AnkXg=",
      "dev": true
    },
    "chalk": {
      "version": "0.4.0",
      "resolved": "https://registry.npmjs.org/chalk/-/chalk-0.4.0.tgz",
      "integrity": "sha1-UZmj3c0MHv4jvAjBsCewYXbgxk8=",
      "dev": true,
      "requires": {
        "ansi-styles": "~1.0.0",
        "has-color": "~0.1.0",
        "strip-ansi": "~0.1.0"
      }
    },
    "colors": {
      "version": "1.4.0",
      "resolved": "https://registry.npmjs.org/colors/-/colors-1.4.0.tgz",
      "integrity": "sha512-a+UqTh4kgZg/SlGvfbzDHpgRu7AAQOmmqRHJnxhRZICKFUT91brVhNNt58CMWU9PsBbv3PDCZUHbVxuDiH2mtA==",
      "dev": true
    },
    "cssparser": {
      "version": "0.9.4",
      "resolved": "https://registry.npmjs.org/cssparser/-/cssparser-0.9.4.tgz",
      "integrity": "sha512-W1WX6OcYBvkKkpAGj278tZSa+uOxtISe9bHOwN/UHj1AvUeMVsqoav2EMf21+QNL1aRoD/AIEPdt2KszBOgPeg==",
      "dev": true,
      "requires": {
        "colors": "^1.1.2",
        "lodash": "^4.17.4",
        "nomnom": ">= 1.5.x"
      }
    },
    "has-color": {
      "version": "0.1.7",
      "resolved": "https://registry.npmjs.org/has-color/-/has-color-0.1.7.tgz",
      "integrity": "sha1-ZxRKUmDDT8PMpnfQQdr1L+e3iy8=",
      "dev": true
    },
    "lodash": {
      "version": "4.17.21",
      "resolved": "https://registry.npmjs.org/lodash/-/lodash-4.17.21.tgz",
      "integrity": "sha512-v2kDEe57lecTulaDIuNTPy3Ry4gLGJ6Z1O3vE1krgXZNrsQ+LFTGHVxVjcXPs17LhbZVGedAJv8XZ1tvj5FvSg==",
      "dev": true
    },
    "nomnom": {
      "version": "1.8.1",
      "resolved": "https://registry.npmjs.org/nomnom/-/nomnom-1.8.1.tgz",
      "integrity": "sha1-IVH3Ikcrp55Qp2/BJbuMjy5Nwqc=",
      "dev": true,
      "requires": {
        "chalk": "~0.4.0",
        "underscore": "~1.6.0"
      }
    },
    "strip-ansi": {
      "version": "0.1.1",
      "resolved": "https://registry.npmjs.org/strip-ansi/-/strip-ansi-0.1.1.tgz",
      "integrity": "sha1-OeipjQRNFQZgq+SmgIrPcLt7yZE=",
      "dev": true
    },
    "underscore": {
      "version": "1.6.0",
      "resolved": "https://registry.npmjs.org/underscore/-/underscore-1.6.0.tgz",
      "integrity": "sha1-izixDKze9jM3uLJOT/htRa6lKag=",
      "dev": true
    }
  }
}
